{
  "name": "service-unavailable",
  "version": "1.0.0",
  "lockfileVersion": 1,
  "requires": true,
  "dependencies": {
    "kungbib-styles": {
      "version": "1.2.4",
      "resolved": "https://registry.npmjs.org/kungbib-styles/-/kungbib-styles-1.2.4.tgz",
      "integrity": "sha512-J8ZwyiGmFXDoLE8w9KsQbCJlkwewXLpWaAKCF2PcR8dnnlXZkcLSbDfAn5LwGUvgw6zPoCDLPQjKdau5S9f12A=="
    }
  }
}
